Microsoft Visual Studio Solution File, Format Version 12.00
# Visual Studio Version 16
VisualStudioVersion = 16.0.0.0
MinimumVisualStudioVersion = 16.0.0.0
Project("{9A19103F-16F7-4668-BE54-9A1E7A4F7556}") = "MyBlazorProjectHostedCLI.Server", "Server\MyBlazorProjectHostedCLI.Server.csproj", "{B898CB59-01ED-4F73-ABD7-88A6C19768E3}"
EndProject
Project("{9A19103F-16F7-4668-BE54-9A1E7A4F7556}") = "MyBlazorProjectHostedCLI.Client", "Client\MyBlazorProjectHostedCLI.Client.csproj", "{BFC85E42-C45C-426B-83BF-0B3E7FEDFA38}"
EndProject
Project("{9A19103F-16F7-4668-BE54-9A1E7A4F7556}") = "MyBlazorProjectHostedCLI.Shared", "Shared\MyBlazorProjectHostedCLI.Shared.csproj", "{70F3A40D-FC68-4FD0-BC0C-C166BE6FAB2D}"
EndProject
Global
	GlobalSection(SolutionConfigurationPlatforms) = preSolution
		Debug|Any CPU = Debug|Any CPU
		Debug|x64 = Debug|x64
		Debug|x86 = Debug|x86
		Release|Any CPU = Release|Any CPU
		Release|x64 = Release|x64
		Release|x86 = Release|x86
	EndGlobalSection
	GlobalSection(ProjectConfigurationPlatforms) = postSolution
		{BFC85E42-C45C-426B-83BF-0B3E7FEDFA38}.Debug|Any CPU.ActiveCfg = Debug|Any CPU
		{BFC85E42-C45C-426B-83BF-0B3E7FEDFA38}.Debug|Any CPU.Build.0 = Debug|Any CPU
		{BFC85E42-C45C-426B-83BF-0B3E7FEDFA38}.Debug|x64.ActiveCfg = Debug|Any CPU
		{BFC85E42-C45C-426B-83BF-0B3E7FEDFA38}.Debug|x64.Build.0 = Debug|Any CPU
		{BFC85E42-C45C-426B-83BF-0B3E7FEDFA38}.Debug|x86.ActiveCfg = Debug|Any CPU
		{BFC85E42-C45C-426B-83BF-0B3E7FEDFA38}.Debug|x86.Build.0 = Debug|Any CPU
		{BFC85E42-C45C-426B-83BF-0B3E7FEDFA38}.Release|Any CPU.ActiveCfg = Release|Any CPU
		{BFC85E42-C45C-426B-83BF-0B3E7FEDFA38}.Release|Any CPU.Build.0 = Release|Any CPU
		{BFC85E42-C45C-426B-83BF-0B3E7FEDFA38}.Release|x64.ActiveCfg = Release|Any CPU
		{BFC85E42-C45C-426B-83BF-0B3E7FEDFA38}.Release|x64.Build.0 = Release|Any CPU
		{BFC85E42-C45C-426B-83BF-0B3E7FEDFA38}.Release|x86.ActiveCfg = Release|Any CPU
		{BFC85E42-C45C-426B-83BF-0B3E7FEDFA38}.Release|x86.Build.0 = Release|Any CPU
		{B898CB59-01ED-4F73-ABD7-88A6C19768E3}.Debug|Any CPU.ActiveCfg = Debug|Any CPU
		{B898CB59-01ED-4F73-ABD7-88A6C19768E3}.Debug|Any CPU.Build.0 = Debug|Any CPU
		{B898CB59-01ED-4F73-ABD7-88A6C19768E3}.Debug|x64.ActiveCfg = Debug|Any CPU
		{B898CB59-01ED-4F73-ABD7-88A6C19768E3}.Debug|x64.Build.0 = Debug|Any CPU
		{B898CB59-01ED-4F73-ABD7-88A6C19768E3}.Debug|x86.ActiveCfg = Debug|Any CPU
		{B898CB59-01ED-4F73-ABD7-88A6C19768E3}.Debug|x86.Build.0 = Debug|Any CPU
		{B898CB59-01ED-4F73-ABD7-88A6C19768E3}.Release|Any CPU.ActiveCfg = Release|Any CPU
		{B898CB59-01ED-4F73-ABD7-88A6C19768E3}.Release|Any CPU.Build.0 = Release|Any CPU
		{B898CB59-01ED-4F73-ABD7-88A6C19768E3}.Release|x64.ActiveCfg = Release|Any CPU
		{B898CB59-01ED-4F73-ABD7-88A6C19768E3}.Release|x64.Build.0 = Release|Any CPU
		{B898CB59-01ED-4F73-ABD7-88A6C19768E3}.Release|x86.ActiveCfg = Release|Any CPU
		{B898CB59-01ED-4F73-ABD7-88A6C19768E3}.Release|x86.Build.0 = Release|Any CPU
		{70F3A40D-FC68-4FD0-BC0C-C166BE6FAB2D}.Debug|Any CPU.ActiveCfg = Debug|Any CPU
		{70F3A40D-FC68-4FD0-BC0C-C166BE6FAB2D}.Debug|Any CPU.Build.0 = Debug|Any CPU
		{70F3A40D-FC68-4FD0-BC0C-C166BE6FAB2D}.Debug|x64.ActiveCfg = Debug|Any CPU
		{70F3A40D-FC68-4FD0-BC0C-C166BE6FAB2D}.Debug|x64.Build.0 = Debug|Any CPU
		{70F3A40D-FC68-4FD0-BC0C-C166BE6FAB2D}.Debug|x86.ActiveCfg = Debug|Any CPU
		{70F3A40D-FC68-4FD0-BC0C-C166BE6FAB2D}.Debug|x86.Build.0 = Debug|Any CPU
		{70F3A40D-FC68-4FD0-BC0C-C166BE6FAB2D}.Release|Any CPU.ActiveCfg = Release|Any CPU
		{70F3A40D-FC68-4FD0-BC0C-C166BE6FAB2D}.Release|Any CPU.Build.0 = Release|Any CPU
		{70F3A40D-FC68-4FD0-BC0C-C166BE6FAB2D}.Release|x64.ActiveCfg = Release|Any CPU
		{70F3A40D-FC68-4FD0-BC0C-C166BE6FAB2D}.Release|x64.Build.0 = Release|Any CPU
		{70F3A40D-FC68-4FD0-BC0C-C166BE6FAB2D}.Release|x86.ActiveCfg = Release|Any CPU
		{70F3A40D-FC68-4FD0-BC0C-C166BE6FAB2D}.Release|x86.Build.0 = Release|Any CPU
	EndGlobalSection
	GlobalSection(SolutionProperties) = preSolution
		HideSolutionNode = FALSE
	EndGlobalSection
	GlobalSection(ExtensibilityGlobals) = postSolution
		SolutionGuid = {5EE3B88A-C729-411A-899B-69F46F8DE47D}
	EndGlobalSection
EndGlobal